
Microsoft Visual Studio Solution File, Format Version 12.00
# Visual Studio Version 17
VisualStudioVersion = 17.2.32616.157
MinimumVisualStudioVersion = 10.0.40219.1
Project("{FAE04EC0-301F-11D3-BF4B-00C04F79EFBC}") = "EventAgency", "EventAgency\EventAgency.csproj", "{C7E48385-9574-4DE8-AC3A-7DA3F4445FB3}"
EndProject
Global
	GlobalSection(SolutionConfigurationPlatforms) = preSolution
		Debug|Any CPU = Debug|Any CPU
		Release|Any CPU = Release|Any CPU
	EndGlobalSection
	GlobalSection(ProjectConfigurationPlatforms) = postSolution
		{C7E48385-9574-4DE8-AC3A-7DA3F4445FB3}.Debug|Any CPU.ActiveCfg = Debug|Any CPU
		{C7E48385-9574-4DE8-AC3A-7DA3F4445FB3}.Debug|Any CPU.Build.0 = Debug|Any CPU
		{C7E48385-9574-4DE8-AC3A-7DA3F4445FB3}.Release|Any CPU.ActiveCfg = Release|Any CPU
		{C7E48385-9574-4DE8-AC3A-7DA3F4445FB3}.Release|Any CPU.Build.0 = Release|Any CPU
	EndGlobalSection
	GlobalSection(SolutionProperties) = preSolution
		HideSolutionNode = FALSE
	EndGlobalSection
	GlobalSection(ExtensibilityGlobals) = postSolution
		SolutionGuid = {CD5C9497-9EF8-4D0C-920C-EA0893AD0F40}
	EndGlobalSection
EndGlobal
